<?xml version="1.0" encoding="utf-8"?>
<Project ToolsVersion="4.0" xmlns="http://schemas.microsoft.com/developer/msbuild/2003">
  <ItemGroup>
    <Filter Include="msgbox">
      <UniqueIdentifier>{a8b7a538-745b-4449-bd1d-1d1f08187341}</UniqueIdentifier>
    </Filter>
    <Filter Include="toast">
      <UniqueIdentifier>{58d06459-bf5d-48b5-b653-9461e77b1773}</UniqueIdentifier>
    </Filter>
    <Filter Include="menu">
      <UniqueIdentifier>{b12ecb80-abc3-46d1-960d-de7aa972379d}</UniqueIdentifier>
    </Filter>
    <Filter Include="windows_manager">
      <UniqueIdentifier>{9cd0028e-cbbc-4078-b80e-b5a7e1e09eb2}</UniqueIdentifier>
    </Filter>
  </ItemGroup>
  <ItemGroup>
    <ClInclude Include="msgbox\msgbox.h">
      <Filter>msgbox</Filter>
    </ClInclude>
    <ClInclude Include="menu\ui_menu.h">
      <Filter>menu</Filter>
    </ClInclude>
    <ClInclude Include="toast\toast.h">
      <Filter>toast</Filter>
    </ClInclude>
    <ClInclude Include="windows_manager\window_ex.h">
      <Filter>windows_manager</Filter>
    </ClInclude>
    <ClInclude Include="windows_manager\windows_manager.h">
      <Filter>windows_manager</Filter>
    </ClInclude>
    <ClInclude Include="ui_components.h" />
    <ClInclude Include="targetver.h" />
    <ClInclude Include="stdafx.h" />
    <ClInclude Include="public_define.h" />
  </ItemGroup>
  <ItemGroup>
    <ClCompile Include="msgbox\msgbox.cpp">
      <Filter>msgbox</Filter>
    </ClCompile>
    <ClCompile Include="menu\ui_menu.cpp">
      <Filter>menu</Filter>
    </ClCompile>
    <ClCompile Include="toast\toast.cpp">
      <Filter>toast</Filter>
    </ClCompile>
    <ClCompile Include="windows_manager\window_ex.cpp">
      <Filter>windows_manager</Filter>
    </ClCompile>
    <ClCompile Include="windows_manager\windows_manager.cpp">
      <Filter>windows_manager</Filter>
    </ClCompile>
    <ClCompile Include="stdafx.cpp" />
  </ItemGroup>
</Project>